
Microsoft Visual Studio Solution File, Format Version 12.00
# Visual Studio 2015
Project("{FAE04EC0-301F-11D3-BF4B-00C04F79EFBC}") = "Ragdoll Cutter.CSharp", "Ragdoll Cutter.CSharp.csproj", "{C4570B91-9F97-454E-227C-43FD6CEAADC9}"
EndProject
Global
	GlobalSection(SolutionConfigurationPlatforms) = preSolution
		Debug|Any CPU = Debug|Any CPU
		Release|Any CPU = Release|Any CPU
	EndGlobalSection
	GlobalSection(ProjectConfigurationPlatforms) = postSolution
		{C4570B91-9F97-454E-227C-43FD6CEAADC9}.Debug|Any CPU.ActiveCfg = Debug|Any CPU
		{C4570B91-9F97-454E-227C-43FD6CEAADC9}.Debug|Any CPU.Build.0 = Debug|Any CPU
		{C4570B91-9F97-454E-227C-43FD6CEAADC9}.Release|Any CPU.ActiveCfg = Release|Any CPU
		{C4570B91-9F97-454E-227C-43FD6CEAADC9}.Release|Any CPU.Build.0 = Release|Any CPU
	EndGlobalSection
	GlobalSection(SolutionProperties) = preSolution
		HideSolutionNode = FALSE
	EndGlobalSection
EndGlobal
